// !$*UTF8*$!
{
	archiveVersion = 1;
	classes = {
	};
	objectVersion = 50;
	objects = {

/* Begin PBXBuildFile section */
		778911C7227A183E00551FB4 /* CommonComponentsAndLibraries.h in Headers */ = {isa = PBXBuildFile; fileRef = 778911C5227A183E00551FB4 /* CommonComponentsAndLibraries.h */; settings = {ATTRIBUTES = (Public, ); }; };
		778911DF227A1A3300551FB4 /* ExtensionOfUIImage.swift in Sources */ = {isa = PBXBuildFile; fileRef = 778911CF227A1A3200551FB4 /* ExtensionOfUIImage.swift */; };
		778911E0227A1A3300551FB4 /* Formatter.swift in Sources */ = {isa = PBXBuildFile; fileRef = 778911D0227A1A3200551FB4 /* Formatter.swift */; };
		778911E1227A1A3300551FB4 /* ExtensionOfUIView.swift in Sources */ = {isa = PBXBuildFile; fileRef = 778911D1227A1A3200551FB4 /* ExtensionOfUIView.swift */; };
		778911E2227A1A3300551FB4 /* ExtensionsOfVC.swift in Sources */ = {isa = PBXBuildFile; fileRef = 778911D2227A1A3200551FB4 /* ExtensionsOfVC.swift */; };
		778911E3227A1A3300551FB4 /* Animations.swift in Sources */ = {isa = PBXBuildFile; fileRef = 778911D3227A1A3200551FB4 /* Animations.swift */; };
		778911E4227A1A3300551FB4 /* MessagesConstants.swift in Sources */ = {isa = PBXBuildFile; fileRef = 778911D4227A1A3200551FB4 /* MessagesConstants.swift */; };
		778911E6227A1A3300551FB4 /* Theme.swift in Sources */ = {isa = PBXBuildFile; fileRef = 778911D6227A1A3200551FB4 /* Theme.swift */; };
		778911E7227A1A3300551FB4 /* DocumentPicker.swift in Sources */ = {isa = PBXBuildFile; fileRef = 778911D7227A1A3200551FB4 /* DocumentPicker.swift */; };
		778911E8227A1A3300551FB4 /* ColorConstant.swift in Sources */ = {isa = PBXBuildFile; fileRef = 778911D8227A1A3200551FB4 /* ColorConstant.swift */; };
		778911E9227A1A3300551FB4 /* TextFieldManager.swift in Sources */ = {isa = PBXBuildFile; fileRef = 778911D9227A1A3200551FB4 /* TextFieldManager.swift */; };
		778911EA227A1A3300551FB4 /* Utility.swift in Sources */ = {isa = PBXBuildFile; fileRef = 778911DA227A1A3200551FB4 /* Utility.swift */; };
		778911EC227A1A3300551FB4 /* ExtensionOfString.swift in Sources */ = {isa = PBXBuildFile; fileRef = 778911DC227A1A3200551FB4 /* ExtensionOfString.swift */; };
		778911ED227A1A3300551FB4 /* Constants.swift in Sources */ = {isa = PBXBuildFile; fileRef = 778911DD227A1A3300551FB4 /* Constants.swift */; };
		77FD855F227C413C006BB623 /* AlertViewController.xib in Resources */ = {isa = PBXBuildFile; fileRef = 77FD855D227C413C006BB623 /* AlertViewController.xib */; };
		77FD8560227C413C006BB623 /* AlertViewController.swift in Sources */ = {isa = PBXBuildFile; fileRef = 77FD855E227C413C006BB623 /* AlertViewController.swift */; };
/* End PBXBuildFile section */

/* Begin PBXFileReference section */
		778911C2227A183E00551FB4 /* CommonComponentsAndLibraries.framework */ = {isa = PBXFileReference; explicitFileType = wrapper.framework; includeInIndex = 0; path = CommonComponentsAndLibraries.framework; sourceTree = BUILT_PRODUCTS_DIR; };
		778911C5227A183E00551FB4 /* CommonComponentsAndLibraries.h */ = {isa = PBXFileReference; lastKnownFileType = sourcecode.c.h; path = CommonComponentsAndLibraries.h; sourceTree = "<group>"; };
		778911C6227A183E00551FB4 /* Info.plist */ = {isa = PBXFileReference; lastKnownFileType = text.plist.xml; path = Info.plist; sourceTree = "<group>"; };
		778911CF227A1A3200551FB4 /* ExtensionOfUIImage.swift */ = {isa = PBXFileReference; fileEncoding = 4; lastKnownFileType = sourcecode.swift; path = ExtensionOfUIImage.swift; sourceTree = "<group>"; };
		778911D0227A1A3200551FB4 /* Formatter.swift */ = {isa = PBXFileReference; fileEncoding = 4; lastKnownFileType = sourcecode.swift; path = Formatter.swift; sourceTree = "<group>"; };
		778911D1227A1A3200551FB4 /* ExtensionOfUIView.swift */ = {isa = PBXFileReference; fileEncoding = 4; lastKnownFileType = sourcecode.swift; path = ExtensionOfUIView.swift; sourceTree = "<group>"; };
		778911D2227A1A3200551FB4 /* ExtensionsOfVC.swift */ = {isa = PBXFileReference; fileEncoding = 4; lastKnownFileType = sourcecode.swift; path = ExtensionsOfVC.swift; sourceTree = "<group>"; };
		778911D3227A1A3200551FB4 /* Animations.swift */ = {isa = PBXFileReference; fileEncoding = 4; lastKnownFileType = sourcecode.swift; path = Animations.swift; sourceTree = "<group>"; };
		778911D4227A1A3200551FB4 /* MessagesConstants.swift */ = {isa = PBXFileReference; fileEncoding = 4; lastKnownFileType = sourcecode.swift; path = MessagesConstants.swift; sourceTree = "<group>"; };
		778911D6227A1A3200551FB4 /* Theme.swift */ = {isa = PBXFileReference; fileEncoding = 4; lastKnownFileType = sourcecode.swift; path = Theme.swift; sourceTree = "<group>"; };
		778911D7227A1A3200551FB4 /* DocumentPicker.swift */ = {isa = PBXFileReference; fileEncoding = 4; lastKnownFileType = sourcecode.swift; path = DocumentPicker.swift; sourceTree = "<group>"; };
		778911D8227A1A3200551FB4 /* ColorConstant.swift */ = {isa = PBXFileReference; fileEncoding = 4; lastKnownFileType = sourcecode.swift; path = ColorConstant.swift; sourceTree = "<group>"; };
		778911D9227A1A3200551FB4 /* TextFieldManager.swift */ = {isa = PBXFileReference; fileEncoding = 4; lastKnownFileType = sourcecode.swift; path = TextFieldManager.swift; sourceTree = "<group>"; };
		778911DA227A1A3200551FB4 /* Utility.swift */ = {isa = PBXFileReference; fileEncoding = 4; lastKnownFileType = sourcecode.swift; path = Utility.swift; sourceTree = "<group>"; };
		778911DC227A1A3200551FB4 /* ExtensionOfString.swift */ = {isa = PBXFileReference; fileEncoding = 4; lastKnownFileType = sourcecode.swift; path = ExtensionOfString.swift; sourceTree = "<group>"; };
		778911DD227A1A3300551FB4 /* Constants.swift */ = {isa = PBXFileReference; fileEncoding = 4; lastKnownFileType = sourcecode.swift; path = Constants.swift; sourceTree = "<group>"; };
		77FD855D227C413C006BB623 /* AlertViewController.xib */ = {isa = PBXFileReference; fileEncoding = 4; lastKnownFileType = file.xib; path = AlertViewController.xib; sourceTree = "<group>"; };
		77FD855E227C413C006BB623 /* AlertViewController.swift */ = {isa = PBXFileReference; fileEncoding = 4; lastKnownFileType = sourcecode.swift; path = AlertViewController.swift; sourceTree = "<group>"; };
/* End PBXFileReference section */

/* Begin PBXFrameworksBuildPhase section */
		778911BF227A183E00551FB4 /* Frameworks */ = {
			isa = PBXFrameworksBuildPhase;
			buildActionMask = 2147483647;
			files = (
			);
			runOnlyForDeploymentPostprocessing = 0;
		};
/* End PBXFrameworksBuildPhase section */

/* Begin PBXGroup section */
		778911B8227A183E00551FB4 = {
			isa = PBXGroup;
			children = (
				778911C4227A183E00551FB4 /* CommonComponentsAndLibraries */,
				778911C3227A183E00551FB4 /* Products */,
			);
			sourceTree = "<group>";
		};
		778911C3227A183E00551FB4 /* Products */ = {
			isa = PBXGroup;
			children = (
				778911C2227A183E00551FB4 /* CommonComponentsAndLibraries.framework */,
			);
			name = Products;
			sourceTree = "<group>";
		};
		778911C4227A183E00551FB4 /* CommonComponentsAndLibraries */ = {
			isa = PBXGroup;
			children = (
				778911CD227A19FE00551FB4 /* Files */,
				778911C5227A183E00551FB4 /* CommonComponentsAndLibraries.h */,
				778911C6227A183E00551FB4 /* Info.plist */,
			);
			path = CommonComponentsAndLibraries;
			sourceTree = "<group>";
		};
		778911CD227A19FE00551FB4 /* Files */ = {
			isa = PBXGroup;
			children = (
				77FD855E227C413C006BB623 /* AlertViewController.swift */,
				77FD855D227C413C006BB623 /* AlertViewController.xib */,
				778911D3227A1A3200551FB4 /* Animations.swift */,
				778911D8227A1A3200551FB4 /* ColorConstant.swift */,
				778911DD227A1A3300551FB4 /* Constants.swift */,
				778911D7227A1A3200551FB4 /* DocumentPicker.swift */,
				778911DC227A1A3200551FB4 /* ExtensionOfString.swift */,
				778911CF227A1A3200551FB4 /* ExtensionOfUIImage.swift */,
				778911D1227A1A3200551FB4 /* ExtensionOfUIView.swift */,
				778911D2227A1A3200551FB4 /* ExtensionsOfVC.swift */,
				778911D0227A1A3200551FB4 /* Formatter.swift */,
				778911D4227A1A3200551FB4 /* MessagesConstants.swift */,
				778911D9227A1A3200551FB4 /* TextFieldManager.swift */,
				778911D6227A1A3200551FB4 /* Theme.swift */,
				778911DA227A1A3200551FB4 /* Utility.swift */,
			);
			path = Files;
			sourceTree = "<group>";
		};
/* End PBXGroup section */

/* Begin PBXHeadersBuildPhase section */
		778911BD227A183E00551FB4 /* Headers */ = {
			isa = PBXHeadersBuildPhase;
			buildActionMask = 2147483647;
			files = (
				778911C7227A183E00551FB4 /* CommonComponentsAndLibraries.h in Headers */,
			);
			runOnlyForDeploymentPostprocessing = 0;
		};
/* End PBXHeadersBuildPhase section */

/* Begin PBXNativeTarget section */
		778911C1227A183E00551FB4 /* CommonComponentsAndLibraries */ = {
			isa = PBXNativeTarget;
			buildConfigurationList = 778911CA227A183E00551FB4 /* Build configuration list for PBXNativeTarget "CommonComponentsAndLibraries" */;
			buildPhases = (
				778911BD227A183E00551FB4 /* Headers */,
				778911BE227A183E00551FB4 /* Sources */,
				778911BF227A183E00551FB4 /* Frameworks */,
				778911C0227A183E00551FB4 /* Resources */,
			);
			buildRules = (
			);
			dependencies = (
			);
			name = CommonComponentsAndLibraries;
			productName = CommonComponentsAndLibraries;
			productReference = 778911C2227A183E00551FB4 /* CommonComponentsAndLibraries.framework */;
			productType = "com.apple.product-type.framework";
		};
/* End PBXNativeTarget section */

/* Begin PBXProject section */
		778911B9227A183E00551FB4 /* Project object */ = {
			isa = PBXProject;
			attributes = {
				LastUpgradeCheck = 1010;
				ORGANIZATIONNAME = "Muhammad Ahmed Baig";
				TargetAttributes = {
					778911C1227A183E00551FB4 = {
						CreatedOnToolsVersion = 10.1;
						LastSwiftMigration = 1010;
					};
				};
			};
			buildConfigurationList = 778911BC227A183E00551FB4 /* Build configuration list for PBXProject "CommonComponentsAndLibraries" */;
			compatibilityVersion = "Xcode 9.3";
			developmentRegion = en;
			hasScannedForEncodings = 0;
			knownRegions = (
				en,
			);
			mainGroup = 778911B8227A183E00551FB4;
			productRefGroup = 778911C3227A183E00551FB4 /* Products */;
			projectDirPath = "";
			projectRoot = "";
			targets = (
				778911C1227A183E00551FB4 /* CommonComponentsAndLibraries */,
			);
		};
/* End PBXProject section */

/* Begin PBXResourcesBuildPhase section */
		778911C0227A183E00551FB4 /* Resources */ = {
			isa = PBXResourcesBuildPhase;
			buildActionMask = 2147483647;
			files = (
				77FD855F227C413C006BB623 /* AlertViewController.xib in Resources */,
			);
			runOnlyForDeploymentPostprocessing = 0;
		};
/* End PBXResourcesBuildPhase section */

/* Begin PBXSourcesBuildPhase section */
		778911BE227A183E00551FB4 /* Sources */ = {
			isa = PBXSourcesBuildPhase;
			buildActionMask = 2147483647;
			files = (
				778911E6227A1A3300551FB4 /* Theme.swift in Sources */,
				77FD8560227C413C006BB623 /* AlertViewController.swift in Sources */,
				778911E2227A1A3300551FB4 /* ExtensionsOfVC.swift in Sources */,
				778911E0227A1A3300551FB4 /* Formatter.swift in Sources */,
				778911E4227A1A3300551FB4 /* MessagesConstants.swift in Sources */,
				778911EC227A1A3300551FB4 /* ExtensionOfString.swift in Sources */,
				778911ED227A1A3300551FB4 /* Constants.swift in Sources */,
				778911E9227A1A3300551FB4 /* TextFieldManager.swift in Sources */,
				778911E8227A1A3300551FB4 /* ColorConstant.swift in Sources */,
				778911EA227A1A3300551FB4 /* Utility.swift in Sources */,
				778911E3227A1A3300551FB4 /* Animations.swift in Sources */,
				778911E1227A1A3300551FB4 /* ExtensionOfUIView.swift in Sources */,
				778911DF227A1A3300551FB4 /* ExtensionOfUIImage.swift in Sources */,
				778911E7227A1A3300551FB4 /* DocumentPicker.swift in Sources */,
			);
			runOnlyForDeploymentPostprocessing = 0;
		};
/* End PBXSourcesBuildPhase section */

/* Begin XCBuildConfiguration section */
		778911C8227A183E00551FB4 /* Debug */ = {
			isa = XCBuildConfiguration;
			buildSettings = {
				ALWAYS_SEARCH_USER_PATHS = NO;
				CLANG_ANALYZER_NONNULL = YES;
				CLANG_ANALYZER_NUMBER_OBJECT_CONVERSION = YES_AGGRESSIVE;
				CLANG_CXX_LANGUAGE_STANDARD = "gnu++14";
				CLANG_CXX_LIBRARY = "libc++";
				CLANG_ENABLE_MODULES = YES;
				CLANG_ENABLE_OBJC_ARC = YES;
				CLANG_ENABLE_OBJC_WEAK = YES;
				CLANG_WARN_BLOCK_CAPTURE_AUTORELEASING = YES;
				CLANG_WARN_BOOL_CONVERSION = YES;
				CLANG_WARN_COMMA = YES;
				CLANG_WARN_CONSTANT_CONVERSION = YES;
				CLANG_WARN_DEPRECATED_OBJC_IMPLEMENTATIONS = YES;
				CLANG_WARN_DIRECT_OBJC_ISA_USAGE = YES_ERROR;
				CLANG_WARN_DOCUMENTATION_COMMENTS = YES;
				CLANG_WARN_EMPTY_BODY = YES;
				CLANG_WARN_ENUM_CONVERSION = YES;
				CLANG_WARN_INFINITE_RECURSION = YES;
				CLANG_WARN_INT_CONVERSION = YES;
				CLANG_WARN_NON_LITERAL_NULL_CONVERSION = YES;
				CLANG_WARN_OBJC_IMPLICIT_RETAIN_SELF = YES;
				CLANG_WARN_OBJC_LITERAL_CONVERSION = YES;
				CLANG_WARN_OBJC_ROOT_CLASS = YES_ERROR;
				CLANG_WARN_RANGE_LOOP_ANALYSIS = YES;
				CLANG_WARN_STRICT_PROTOTYPES = YES;
				CLANG_WARN_SUSPICIOUS_MOVE = YES;
				CLANG_WARN_UNGUARDED_AVAILABILITY = YES_AGGRESSIVE;
				CLANG_WARN_UNREACHABLE_CODE = YES;
				CLANG_WARN__DUPLICATE_METHOD_MATCH = YES;
				CODE_SIGN_IDENTITY = "iPhone Developer";
				COPY_PHASE_STRIP = NO;
				CURRENT_PROJECT_VERSION = 1;
				DEBUG_INFORMATION_FORMAT = dwarf;
				ENABLE_STRICT_OBJC_MSGSEND = YES;
				ENABLE_TESTABILITY = YES;
				GCC_C_LANGUAGE_STANDARD = gnu11;
				GCC_DYNAMIC_NO_PIC = NO;
				GCC_NO_COMMON_BLOCKS = YES;
				GCC_OPTIMIZATION_LEVEL = 0;
				GCC_PREPROCESSOR_DEFINITIONS = (
					"DEBUG=1",
					"$(inherited)",
				);
				GCC_WARN_64_TO_32_BIT_CONVERSION = YES;
				GCC_WARN_ABOUT_RETURN_TYPE = YES_ERROR;
				GCC_WARN_UNDECLARED_SELECTOR = YES;
				GCC_WARN_UNINITIALIZED_AUTOS = YES_AGGRESSIVE;
				GCC_WARN_UNUSED_FUNCTION = YES;
				GCC_WARN_UNUSED_VARIABLE = YES;
				IPHONEOS_DEPLOYMENT_TARGET = 12.1;
				MTL_ENABLE_DEBUG_INFO = INCLUDE_SOURCE;
				MTL_FAST_MATH = YES;
				ONLY_ACTIVE_ARCH = YES;
				SDKROOT = iphoneos;
				SWIFT_ACTIVE_COMPILATION_CONDITIONS = DEBUG;
				SWIFT_OPTIMIZATION_LEVEL = "-Onone";
				SWIFT_VERSION = 4.2;
				VERSIONING_SYSTEM = "apple-generic";
				VERSION_INFO_PREFIX = "";
			};
			name = Debug;
		};
		778911C9227A183E00551FB4 /* Release */ = {
			isa = XCBuildConfiguration;
			buildSettings = {
				ALWAYS_SEARCH_USER_PATHS = NO;
				CLANG_ANALYZER_NONNULL = YES;
				CLANG_ANALYZER_NUMBER_OBJECT_CONVERSION = YES_AGGRESSIVE;
				CLANG_CXX_LANGUAGE_STANDARD = "gnu++14";
				CLANG_CXX_LIBRARY = "libc++";
				CLANG_ENABLE_MODULES = YES;
				CLANG_ENABLE_OBJC_ARC = YES;
				CLANG_ENABLE_OBJC_WEAK = YES;
				CLANG_WARN_BLOCK_CAPTURE_AUTORELEASING = YES;
				CLANG_WARN_BOOL_CONVERSION = YES;
				CLANG_WARN_COMMA = YES;
				CLANG_WARN_CONSTANT_CONVERSION = YES;
				CLANG_WARN_DEPRECATED_OBJC_IMPLEMENTATIONS = YES;
				CLANG_WARN_DIRECT_OBJC_ISA_USAGE = YES_ERROR;
				CLANG_WARN_DOCUMENTATION_COMMENTS = YES;
				CLANG_WARN_EMPTY_BODY = YES;
				CLANG_WARN_ENUM_CONVERSION = YES;
				CLANG_WARN_INFINITE_RECURSION = YES;
				CLANG_WARN_INT_CONVERSION = YES;
				CLANG_WARN_NON_LITERAL_NULL_CONVERSION = YES;
				CLANG_WARN_OBJC_IMPLICIT_RETAIN_SELF = YES;
				CLANG_WARN_OBJC_LITERAL_CONVERSION = YES;
				CLANG_WARN_OBJC_ROOT_CLASS = YES_ERROR;
				CLANG_WARN_RANGE_LOOP_ANALYSIS = YES;
				CLANG_WARN_STRICT_PROTOTYPES = YES;
				CLANG_WARN_SUSPICIOUS_MOVE = YES;
				CLANG_WARN_UNGUARDED_AVAILABILITY = YES_AGGRESSIVE;
				CLANG_WARN_UNREACHABLE_CODE = YES;
				CLANG_WARN__DUPLICATE_METHOD_MATCH = YES;
				CODE_SIGN_IDENTITY = "iPhone Developer";
				COPY_PHASE_STRIP = NO;
				CURRENT_PROJECT_VERSION = 1;
				DEBUG_INFORMATION_FORMAT = "dwarf-with-dsym";
				ENABLE_NS_ASSERTIONS = NO;
				ENABLE_STRICT_OBJC_MSGSEND = YES;
				GCC_C_LANGUAGE_STANDARD = gnu11;
				GCC_NO_COMMON_BLOCKS = YES;
				GCC_WARN_64_TO_32_BIT_CONVERSION = YES;
				GCC_WARN_ABOUT_RETURN_TYPE = YES_ERROR;
				GCC_WARN_UNDECLARED_SELECTOR = YES;
				GCC_WARN_UNINITIALIZED_AUTOS = YES_AGGRESSIVE;
				GCC_WARN_UNUSED_FUNCTION = YES;
				GCC_WARN_UNUSED_VARIABLE = YES;
				IPHONEOS_DEPLOYMENT_TARGET = 12.1;
				MTL_ENABLE_DEBUG_INFO = NO;
				MTL_FAST_MATH = YES;
				SDKROOT = iphoneos;
				SWIFT_COMPILATION_MODE = wholemodule;
				SWIFT_OPTIMIZATION_LEVEL = "-O";
				SWIFT_VERSION = 4.2;
				VALIDATE_PRODUCT = YES;
				VERSIONING_SYSTEM = "apple-generic";
				VERSION_INFO_PREFIX = "";
			};
			name = Release;
		};
		778911CB227A183E00551FB4 /* Debug */ = {
			isa = XCBuildConfiguration;
			buildSettings = {
				CLANG_ENABLE_MODULES = YES;
				CODE_SIGN_IDENTITY = "";
				CODE_SIGN_STYLE = Automatic;
				DEFINES_MODULE = YES;
				DYLIB_COMPATIBILITY_VERSION = 1;
				DYLIB_CURRENT_VERSION = 1;
				DYLIB_INSTALL_NAME_BASE = "@rpath";
				INFOPLIST_FILE = CommonComponentsAndLibraries/Info.plist;
				INSTALL_PATH = "$(LOCAL_LIBRARY_DIR)/Frameworks";
				LD_RUNPATH_SEARCH_PATHS = (
					"$(inherited)",
					"@executable_path/Frameworks",
					"@loader_path/Frameworks",
				);
				PRODUCT_BUNDLE_IDENTIFIER = com.appiskey.CommonComponentsAndLibraries;
				PRODUCT_NAME = "$(TARGET_NAME:c99extidentifier)";
				SKIP_INSTALL = YES;
				SWIFT_OPTIMIZATION_LEVEL = "-Onone";
				SWIFT_VERSION = 4.2;
				TARGETED_DEVICE_FAMILY = "1,2";
			};
			name = Debug;
		};
		778911CC227A183E00551FB4 /* Release */ = {
			isa = XCBuildConfiguration;
			buildSettings = {
				CLANG_ENABLE_MODULES = YES;
				CODE_SIGN_IDENTITY = "";
				CODE_SIGN_STYLE = Automatic;
				DEFINES_MODULE = YES;
				DYLIB_COMPATIBILITY_VERSION = 1;
				DYLIB_CURRENT_VERSION = 1;
				DYLIB_INSTALL_NAME_BASE = "@rpath";
				INFOPLIST_FILE = CommonComponentsAndLibraries/Info.plist;
				INSTALL_PATH = "$(LOCAL_LIBRARY_DIR)/Frameworks";
				LD_RUNPATH_SEARCH_PATHS = (
					"$(inherited)",
					"@executable_path/Frameworks",
					"@loader_path/Frameworks",
				);
				PRODUCT_BUNDLE_IDENTIFIER = com.appiskey.CommonComponentsAndLibraries;
				PRODUCT_NAME = "$(TARGET_NAME:c99extidentifier)";
				SKIP_INSTALL = YES;
				SWIFT_VERSION = 4.2;
				TARGETED_DEVICE_FAMILY = "1,2";
			};
			name = Release;
		};
/* End XCBuildConfiguration section */

/* Begin XCConfigurationList section */
		778911BC227A183E00551FB4 /* Build configuration list for PBXProject "CommonComponentsAndLibraries" */ = {
			isa = XCConfigurationList;
			buildConfigurations = (
				778911C8227A183E00551FB4 /* Debug */,
				778911C9227A183E00551FB4 /* Release */,
			);
			defaultConfigurationIsVisible = 0;
			defaultConfigurationName = Release;
		};
		778911CA227A183E00551FB4 /* Build configuration list for PBXNativeTarget "CommonComponentsAndLibraries" */ = {
			isa = XCConfigurationList;
			buildConfigurations = (
				778911CB227A183E00551FB4 /* Debug */,
				778911CC227A183E00551FB4 /* Release */,
			);
			defaultConfigurationIsVisible = 0;
			defaultConfigurationName = Release;
		};
/* End XCConfigurationList section */
	};
	rootObject = 778911B9227A183E00551FB4 /* Project object */;
}
